
Microsoft Visual Studio Solution File, Format Version 12.00
# Visual Studio Version 17
VisualStudioVersion = 17.0.32112.339
MinimumVisualStudioVersion = 10.0.40219.1
Project("{FAE04EC0-301F-11D3-BF4B-00C04F79EFBC}") = "AddressBook", "AddressBook\AddressBook.csproj", "{0EF3CA9F-2D78-465A-882E-58503EC0FF11}"
EndProject
Global
	GlobalSection(SolutionConfigurationPlatforms) = preSolution
		Debug|Any CPU = Debug|Any CPU
		Release|Any CPU = Release|Any CPU
	EndGlobalSection
	GlobalSection(ProjectConfigurationPlatforms) = postSolution
		{0EF3CA9F-2D78-465A-882E-58503EC0FF11}.Debug|Any CPU.ActiveCfg = Debug|Any CPU
		{0EF3CA9F-2D78-465A-882E-58503EC0FF11}.Debug|Any CPU.Build.0 = Debug|Any CPU
		{0EF3CA9F-2D78-465A-882E-58503EC0FF11}.Release|Any CPU.ActiveCfg = Release|Any CPU
		{0EF3CA9F-2D78-465A-882E-58503EC0FF11}.Release|Any CPU.Build.0 = Release|Any CPU
	EndGlobalSection
	GlobalSection(SolutionProperties) = preSolution
		HideSolutionNode = FALSE
	EndGlobalSection
	GlobalSection(ExtensibilityGlobals) = postSolution
		SolutionGuid = {39935AA2-DD3F-4E32-9142-3FCBE5D88A31}
	EndGlobalSection
EndGlobal
